// !$*UTF8*$!
{
	archiveVersion = 1;
	classes = {
	};
	objectVersion = 50;
	objects = {

/* Begin PBXBuildFile section */
		7B76C11325AF255F0034434C /* SettingsView.swift in Sources */ = {isa = PBXBuildFile; fileRef = 7B76C11225AF255F0034434C /* SettingsView.swift */; };
		7B76C11625AF25770034434C /* TipView.swift in Sources */ = {isa = PBXBuildFile; fileRef = 7B76C11525AF25770034434C /* TipView.swift */; };
		7BA928AE25AD64AF009CFA6E /* CalculatorApp.swift in Sources */ = {isa = PBXBuildFile; fileRef = 7BA928AD25AD64AF009CFA6E /* CalculatorApp.swift */; };
		7BA928B025AD64AF009CFA6E /* ContentView.swift in Sources */ = {isa = PBXBuildFile; fileRef = 7BA928AF25AD64AF009CFA6E /* ContentView.swift */; };
		7BA928B225AD64B2009CFA6E /* Assets.xcassets in Resources */ = {isa = PBXBuildFile; fileRef = 7BA928B125AD64B2009CFA6E /* Assets.xcassets */; };
		7BA928B525AD64B2009CFA6E /* Preview Assets.xcassets in Resources */ = {isa = PBXBuildFile; fileRef = 7BA928B425AD64B2009CFA6E /* Preview Assets.xcassets */; };
		7BA928BE25AD64FB009CFA6E /* ButtonView.swift in Sources */ = {isa = PBXBuildFile; fileRef = 7BA928BD25AD64FB009CFA6E /* ButtonView.swift */; };
		7BA928C125AD650E009CFA6E /* Calculator.swift in Sources */ = {isa = PBXBuildFile; fileRef = 7BA928C025AD650E009CFA6E /* Calculator.swift */; };
		7BA928C525AD684A009CFA6E /* Settings.swift in Sources */ = {isa = PBXBuildFile; fileRef = 7BA928C425AD684A009CFA6E /* Settings.swift */; };
/* End PBXBuildFile section */

/* Begin PBXFileReference section */
		7B76C11225AF255F0034434C /* SettingsView.swift */ = {isa = PBXFileReference; lastKnownFileType = sourcecode.swift; path = SettingsView.swift; sourceTree = "<group>"; };
		7B76C11525AF25770034434C /* TipView.swift */ = {isa = PBXFileReference; lastKnownFileType = sourcecode.swift; path = TipView.swift; sourceTree = "<group>"; };
		7BA928AA25AD64AF009CFA6E /* Calculator.app */ = {isa = PBXFileReference; explicitFileType = wrapper.application; includeInIndex = 0; path = Calculator.app; sourceTree = BUILT_PRODUCTS_DIR; };
		7BA928AD25AD64AF009CFA6E /* CalculatorApp.swift */ = {isa = PBXFileReference; lastKnownFileType = sourcecode.swift; path = CalculatorApp.swift; sourceTree = "<group>"; };
		7BA928AF25AD64AF009CFA6E /* ContentView.swift */ = {isa = PBXFileReference; lastKnownFileType = sourcecode.swift; path = ContentView.swift; sourceTree = "<group>"; };
		7BA928B125AD64B2009CFA6E /* Assets.xcassets */ = {isa = PBXFileReference; lastKnownFileType = folder.assetcatalog; path = Assets.xcassets; sourceTree = "<group>"; };
		7BA928B425AD64B2009CFA6E /* Preview Assets.xcassets */ = {isa = PBXFileReference; lastKnownFileType = folder.assetcatalog; path = "Preview Assets.xcassets"; sourceTree = "<group>"; };
		7BA928B625AD64B2009CFA6E /* Info.plist */ = {isa = PBXFileReference; lastKnownFileType = text.plist.xml; path = Info.plist; sourceTree = "<group>"; };
		7BA928BD25AD64FB009CFA6E /* ButtonView.swift */ = {isa = PBXFileReference; lastKnownFileType = sourcecode.swift; path = ButtonView.swift; sourceTree = "<group>"; };
		7BA928C025AD650E009CFA6E /* Calculator.swift */ = {isa = PBXFileReference; lastKnownFileType = sourcecode.swift; path = Calculator.swift; sourceTree = "<group>"; };
		7BA928C425AD684A009CFA6E /* Settings.swift */ = {isa = PBXFileReference; lastKnownFileType = sourcecode.swift; path = Settings.swift; sourceTree = "<group>"; };
/* End PBXFileReference section */

/* Begin PBXFrameworksBuildPhase section */
		7BA928A725AD64AF009CFA6E /* Frameworks */ = {
			isa = PBXFrameworksBuildPhase;
			buildActionMask = 2147483647;
			files = (
			);
			runOnlyForDeploymentPostprocessing = 0;
		};
/* End PBXFrameworksBuildPhase section */

/* Begin PBXGroup section */
		7B4C873F25B069D90033973D /* Views */ = {
			isa = PBXGroup;
			children = (
				7B76C11525AF25770034434C /* TipView.swift */,
				7BA928AF25AD64AF009CFA6E /* ContentView.swift */,
				7B76C11225AF255F0034434C /* SettingsView.swift */,
				7BA928BD25AD64FB009CFA6E /* ButtonView.swift */,
			);
			path = Views;
			sourceTree = "<group>";
		};
		7B4C874025B069E80033973D /* ViewModels */ = {
			isa = PBXGroup;
			children = (
				7BA928C025AD650E009CFA6E /* Calculator.swift */,
				7BA928C425AD684A009CFA6E /* Settings.swift */,
			);
			path = ViewModels;
			sourceTree = "<group>";
		};
		7BA928A125AD64AF009CFA6E = {
			isa = PBXGroup;
			children = (
				7BA928AC25AD64AF009CFA6E /* Calculator */,
				7BA928AB25AD64AF009CFA6E /* Products */,
			);
			sourceTree = "<group>";
		};
		7BA928AB25AD64AF009CFA6E /* Products */ = {
			isa = PBXGroup;
			children = (
				7BA928AA25AD64AF009CFA6E /* Calculator.app */,
			);
			name = Products;
			sourceTree = "<group>";
		};
		7BA928AC25AD64AF009CFA6E /* Calculator */ = {
			isa = PBXGroup;
			children = (
				7BA928AD25AD64AF009CFA6E /* CalculatorApp.swift */,
				7B4C873F25B069D90033973D /* Views */,
				7B4C874025B069E80033973D /* ViewModels */,
				7BA928B125AD64B2009CFA6E /* Assets.xcassets */,
				7BA928B625AD64B2009CFA6E /* Info.plist */,
				7BA928B325AD64B2009CFA6E /* Preview Content */,
			);
			path = Calculator;
			sourceTree = "<group>";
		};
		7BA928B325AD64B2009CFA6E /* Preview Content */ = {
			isa = PBXGroup;
			children = (
				7BA928B425AD64B2009CFA6E /* Preview Assets.xcassets */,
			);
			path = "Preview Content";
			sourceTree = "<group>";
		};
/* End PBXGroup section */

/* Begin PBXNativeTarget section */
		7BA928A925AD64AF009CFA6E /* Calculator */ = {
			isa = PBXNativeTarget;
			buildConfigurationList = 7BA928B925AD64B2009CFA6E /* Build configuration list for PBXNativeTarget "Calculator" */;
			buildPhases = (
				7BA928A625AD64AF009CFA6E /* Sources */,
				7BA928A725AD64AF009CFA6E /* Frameworks */,
				7BA928A825AD64AF009CFA6E /* Resources */,
			);
			buildRules = (
			);
			dependencies = (
			);
			name = Calculator;
			productName = Calculator;
			productReference = 7BA928AA25AD64AF009CFA6E /* Calculator.app */;
			productType = "com.apple.product-type.application";
		};
/* End PBXNativeTarget section */

/* Begin PBXProject section */
		7BA928A225AD64AF009CFA6E /* Project object */ = {
			isa = PBXProject;
			attributes = {
				LastSwiftUpdateCheck = 1230;
				LastUpgradeCheck = 1230;
				TargetAttributes = {
					7BA928A925AD64AF009CFA6E = {
						CreatedOnToolsVersion = 12.3;
					};
				};
			};
			buildConfigurationList = 7BA928A525AD64AF009CFA6E /* Build configuration list for PBXProject "Calculator" */;
			compatibilityVersion = "Xcode 9.3";
			developmentRegion = en;
			hasScannedForEncodings = 0;
			knownRegions = (
				en,
				Base,
			);
			mainGroup = 7BA928A125AD64AF009CFA6E;
			productRefGroup = 7BA928AB25AD64AF009CFA6E /* Products */;
			projectDirPath = "";
			projectRoot = "";
			targets = (
				7BA928A925AD64AF009CFA6E /* Calculator */,
			);
		};
/* End PBXProject section */

/* Begin PBXResourcesBuildPhase section */
		7BA928A825AD64AF009CFA6E /* Resources */ = {
			isa = PBXResourcesBuildPhase;
			buildActionMask = 2147483647;
			files = (
				7BA928B525AD64B2009CFA6E /* Preview Assets.xcassets in Resources */,
				7BA928B225AD64B2009CFA6E /* Assets.xcassets in Resources */,
			);
			runOnlyForDeploymentPostprocessing = 0;
		};
/* End PBXResourcesBuildPhase section */

/* Begin PBXSourcesBuildPhase section */
		7BA928A625AD64AF009CFA6E /* Sources */ = {
			isa = PBXSourcesBuildPhase;
			buildActionMask = 2147483647;
			files = (
				7B76C11625AF25770034434C /* TipView.swift in Sources */,
				7BA928B025AD64AF009CFA6E /* ContentView.swift in Sources */,
				7BA928C125AD650E009CFA6E /* Calculator.swift in Sources */,
				7BA928AE25AD64AF009CFA6E /* CalculatorApp.swift in Sources */,
				7B76C11325AF255F0034434C /* SettingsView.swift in Sources */,
				7BA928BE25AD64FB009CFA6E /* ButtonView.swift in Sources */,
				7BA928C525AD684A009CFA6E /* Settings.swift in Sources */,
			);
			runOnlyForDeploymentPostprocessing = 0;
		};
/* End PBXSourcesBuildPhase section */

/* Begin XCBuildConfiguration section */
		7BA928B725AD64B2009CFA6E /* Debug */ = {
			isa = XCBuildConfiguration;
			buildSettings = {
				ALWAYS_SEARCH_USER_PATHS = NO;
				CLANG_ANALYZER_NONNULL = YES;
				CLANG_ANALYZER_NUMBER_OBJECT_CONVERSION = YES_AGGRESSIVE;
				CLANG_CXX_LANGUAGE_STANDARD = "gnu++14";
				CLANG_CXX_LIBRARY = "libc++";
				CLANG_ENABLE_MODULES = YES;
				CLANG_ENABLE_OBJC_ARC = YES;
				CLANG_ENABLE_OBJC_WEAK = YES;
				CLANG_WARN_BLOCK_CAPTURE_AUTORELEASING = YES;
				CLANG_WARN_BOOL_CONVERSION = YES;
				CLANG_WARN_COMMA = YES;
				CLANG_WARN_CONSTANT_CONVERSION = YES;
				CLANG_WARN_DEPRECATED_OBJC_IMPLEMENTATIONS = YES;
				CLANG_WARN_DIRECT_OBJC_ISA_USAGE = YES_ERROR;
				CLANG_WARN_DOCUMENTATION_COMMENTS = YES;
				CLANG_WARN_EMPTY_BODY = YES;
				CLANG_WARN_ENUM_CONVERSION = YES;
				CLANG_WARN_INFINITE_RECURSION = YES;
				CLANG_WARN_INT_CONVERSION = YES;
				CLANG_WARN_NON_LITERAL_NULL_CONVERSION = YES;
				CLANG_WARN_OBJC_IMPLICIT_RETAIN_SELF = YES;
				CLANG_WARN_OBJC_LITERAL_CONVERSION = YES;
				CLANG_WARN_OBJC_ROOT_CLASS = YES_ERROR;
				CLANG_WARN_QUOTED_INCLUDE_IN_FRAMEWORK_HEADER = YES;
				CLANG_WARN_RANGE_LOOP_ANALYSIS = YES;
				CLANG_WARN_STRICT_PROTOTYPES = YES;
				CLANG_WARN_SUSPICIOUS_MOVE = YES;
				CLANG_WARN_UNGUARDED_AVAILABILITY = YES_AGGRESSIVE;
				CLANG_WARN_UNREACHABLE_CODE = YES;
				CLANG_WARN__DUPLICATE_METHOD_MATCH = YES;
				COPY_PHASE_STRIP = NO;
				DEBUG_INFORMATION_FORMAT = dwarf;
				ENABLE_STRICT_OBJC_MSGSEND = YES;
				ENABLE_TESTABILITY = YES;
				GCC_C_LANGUAGE_STANDARD = gnu11;
				GCC_DYNAMIC_NO_PIC = NO;
				GCC_NO_COMMON_BLOCKS = YES;
				GCC_OPTIMIZATION_LEVEL = 0;
				GCC_PREPROCESSOR_DEFINITIONS = (
					"DEBUG=1",
					"$(inherited)",
				);
				GCC_WARN_64_TO_32_BIT_CONVERSION = YES;
				GCC_WARN_ABOUT_RETURN_TYPE = YES_ERROR;
				GCC_WARN_UNDECLARED_SELECTOR = YES;
				GCC_WARN_UNINITIALIZED_AUTOS = YES_AGGRESSIVE;
				GCC_WARN_UNUSED_FUNCTION = YES;
				GCC_WARN_UNUSED_VARIABLE = YES;
				IPHONEOS_DEPLOYMENT_TARGET = 14.3;
				MTL_ENABLE_DEBUG_INFO = INCLUDE_SOURCE;
				MTL_FAST_MATH = YES;
				ONLY_ACTIVE_ARCH = YES;
				SDKROOT = iphoneos;
				SWIFT_ACTIVE_COMPILATION_CONDITIONS = DEBUG;
				SWIFT_OPTIMIZATION_LEVEL = "-Onone";
			};
			name = Debug;
		};
		7BA928B825AD64B2009CFA6E /* Release */ = {
			isa = XCBuildConfiguration;
			buildSettings = {
				ALWAYS_SEARCH_USER_PATHS = NO;
				CLANG_ANALYZER_NONNULL = YES;
				CLANG_ANALYZER_NUMBER_OBJECT_CONVERSION = YES_AGGRESSIVE;
				CLANG_CXX_LANGUAGE_STANDARD = "gnu++14";
				CLANG_CXX_LIBRARY = "libc++";
				CLANG_ENABLE_MODULES = YES;
				CLANG_ENABLE_OBJC_ARC = YES;
				CLANG_ENABLE_OBJC_WEAK = YES;
				CLANG_WARN_BLOCK_CAPTURE_AUTORELEASING = YES;
				CLANG_WARN_BOOL_CONVERSION = YES;
				CLANG_WARN_COMMA = YES;
				CLANG_WARN_CONSTANT_CONVERSION = YES;
				CLANG_WARN_DEPRECATED_OBJC_IMPLEMENTATIONS = YES;
				CLANG_WARN_DIRECT_OBJC_ISA_USAGE = YES_ERROR;
				CLANG_WARN_DOCUMENTATION_COMMENTS = YES;
				CLANG_WARN_EMPTY_BODY = YES;
				CLANG_WARN_ENUM_CONVERSION = YES;
				CLANG_WARN_INFINITE_RECURSION = YES;
				CLANG_WARN_INT_CONVERSION = YES;
				CLANG_WARN_NON_LITERAL_NULL_CONVERSION = YES;
				CLANG_WARN_OBJC_IMPLICIT_RETAIN_SELF = YES;
				CLANG_WARN_OBJC_LITERAL_CONVERSION = YES;
				CLANG_WARN_OBJC_ROOT_CLASS = YES_ERROR;
				CLANG_WARN_QUOTED_INCLUDE_IN_FRAMEWORK_HEADER = YES;
				CLANG_WARN_RANGE_LOOP_ANALYSIS = YES;
				CLANG_WARN_STRICT_PROTOTYPES = YES;
				CLANG_WARN_SUSPICIOUS_MOVE = YES;
				CLANG_WARN_UNGUARDED_AVAILABILITY = YES_AGGRESSIVE;
				CLANG_WARN_UNREACHABLE_CODE = YES;
				CLANG_WARN__DUPLICATE_METHOD_MATCH = YES;
				COPY_PHASE_STRIP = NO;
				DEBUG_INFORMATION_FORMAT = "dwarf-with-dsym";
				ENABLE_NS_ASSERTIONS = NO;
				ENABLE_STRICT_OBJC_MSGSEND = YES;
				GCC_C_LANGUAGE_STANDARD = gnu11;
				GCC_NO_COMMON_BLOCKS = YES;
				GCC_WARN_64_TO_32_BIT_CONVERSION = YES;
				GCC_WARN_ABOUT_RETURN_TYPE = YES_ERROR;
				GCC_WARN_UNDECLARED_SELECTOR = YES;
				GCC_WARN_UNINITIALIZED_AUTOS = YES_AGGRESSIVE;
				GCC_WARN_UNUSED_FUNCTION = YES;
				GCC_WARN_UNUSED_VARIABLE = YES;
				IPHONEOS_DEPLOYMENT_TARGET = 14.3;
				MTL_ENABLE_DEBUG_INFO = NO;
				MTL_FAST_MATH = YES;
				SDKROOT = iphoneos;
				SWIFT_COMPILATION_MODE = wholemodule;
				SWIFT_OPTIMIZATION_LEVEL = "-O";
				VALIDATE_PRODUCT = YES;
			};
			name = Release;
		};
		7BA928BA25AD64B2009CFA6E /* Debug */ = {
			isa = XCBuildConfiguration;
			buildSettings = {
				ASSETCATALOG_COMPILER_APPICON_NAME = AppIcon;
				ASSETCATALOG_COMPILER_GLOBAL_ACCENT_COLOR_NAME = AccentColor;
				CODE_SIGN_STYLE = Automatic;
				DEVELOPMENT_ASSET_PATHS = "\"Calculator/Preview Content\"";
				DEVELOPMENT_TEAM = VUU8K3C66R;
				ENABLE_PREVIEWS = YES;
				INFOPLIST_FILE = Calculator/Info.plist;
				IPHONEOS_DEPLOYMENT_TARGET = 14.0;
				LD_RUNPATH_SEARCH_PATHS = (
					"$(inherited)",
					"@executable_path/Frameworks",
				);
				PRODUCT_BUNDLE_IDENTIFIER = com.example..Calculatorasdgag;
				PRODUCT_NAME = "$(TARGET_NAME)";
				SWIFT_VERSION = 5.0;
				TARGETED_DEVICE_FAMILY = "1,2";
			};
			name = Debug;
		};
		7BA928BB25AD64B2009CFA6E /* Release */ = {
			isa = XCBuildConfiguration;
			buildSettings = {
				ASSETCATALOG_COMPILER_APPICON_NAME = AppIcon;
				ASSETCATALOG_COMPILER_GLOBAL_ACCENT_COLOR_NAME = AccentColor;
				CODE_SIGN_STYLE = Automatic;
				DEVELOPMENT_ASSET_PATHS = "\"Calculator/Preview Content\"";
				DEVELOPMENT_TEAM = VUU8K3C66R;
				ENABLE_PREVIEWS = YES;
				INFOPLIST_FILE = Calculator/Info.plist;
				IPHONEOS_DEPLOYMENT_TARGET = 14.0;
				LD_RUNPATH_SEARCH_PATHS = (
					"$(inherited)",
					"@executable_path/Frameworks",
				);
				PRODUCT_BUNDLE_IDENTIFIER = com.example..Calculatorasdgag;
				PRODUCT_NAME = "$(TARGET_NAME)";
				SWIFT_VERSION = 5.0;
				TARGETED_DEVICE_FAMILY = "1,2";
			};
			name = Release;
		};
/* End XCBuildConfiguration section */

/* Begin XCConfigurationList section */
		7BA928A525AD64AF009CFA6E /* Build configuration list for PBXProject "Calculator" */ = {
			isa = XCConfigurationList;
			buildConfigurations = (
				7BA928B725AD64B2009CFA6E /* Debug */,
				7BA928B825AD64B2009CFA6E /* Release */,
			);
			defaultConfigurationIsVisible = 0;
			defaultConfigurationName = Release;
		};
		7BA928B925AD64B2009CFA6E /* Build configuration list for PBXNativeTarget "Calculator" */ = {
			isa = XCConfigurationList;
			buildConfigurations = (
				7BA928BA25AD64B2009CFA6E /* Debug */,
				7BA928BB25AD64B2009CFA6E /* Release */,
			);
			defaultConfigurationIsVisible = 0;
			defaultConfigurationName = Release;
		};
/* End XCConfigurationList section */
	};
	rootObject = 7BA928A225AD64AF009CFA6E /* Project object */;
}
